
Microsoft Visual Studio Solution File, Format Version 12.00
# Visual Studio Version 17
VisualStudioVersion = 17.3.32929.385
MinimumVisualStudioVersion = 10.0.40219.1
Project("{9A19103F-16F7-4668-BE54-9A1E7A4F7556}") = "Keyfactor.Orchestrators.K8S", "kubernetes-orchestrator-extension\Keyfactor.Orchestrators.K8S.csproj", "{F497D7FA-AC9F-4BB2-935F-6A7569ACC173}"
EndProject
Project("{2150E333-8FDC-42A3-9474-1A3956D46DE8}") = "kubernetes-orchestrator-extension.Tests", "kubernetes-orchestrator-extension.Tests", "{4D988838-9BAF-C253-004D-7C7673F12805}"
EndProject
Project("{FAE04EC0-301F-11D3-BF4B-00C04F79EFBC}") = "Keyfactor.Orchestrators.K8S.Tests", "kubernetes-orchestrator-extension.Tests\Keyfactor.Orchestrators.K8S.Tests.csproj", "{7976404A-58D7-4709-99A9-DBBA31431C69}"
EndProject
Project("{2150E333-8FDC-42A3-9474-1A3956D46DE8}") = "kubernetes-orchestrator-extension", "kubernetes-orchestrator-extension", "{78D107B4-EAC6-4BC8-2939-7D7450B24926}"
EndProject
Global
	GlobalSection(SolutionConfigurationPlatforms) = preSolution
		Debug|Any CPU = Debug|Any CPU
		Debug|x64 = Debug|x64
		Debug|x86 = Debug|x86
		Release|Any CPU = Release|Any CPU
		Release|x64 = Release|x64
		Release|x86 = Release|x86
	EndGlobalSection
	GlobalSection(ProjectConfigurationPlatforms) = postSolution
		{F497D7FA-AC9F-4BB2-935F-6A7569ACC173}.Debug|Any CPU.ActiveCfg = Debug|Any CPU
		{F497D7FA-AC9F-4BB2-935F-6A7569ACC173}.Debug|Any CPU.Build.0 = Debug|Any CPU
		{F497D7FA-AC9F-4BB2-935F-6A7569ACC173}.Debug|x64.ActiveCfg = Debug|Any CPU
		{F497D7FA-AC9F-4BB2-935F-6A7569ACC173}.Debug|x64.Build.0 = Debug|Any CPU
		{F497D7FA-AC9F-4BB2-935F-6A7569ACC173}.Debug|x86.ActiveCfg = Debug|Any CPU
		{F497D7FA-AC9F-4BB2-935F-6A7569ACC173}.Debug|x86.Build.0 = Debug|Any CPU
		{F497D7FA-AC9F-4BB2-935F-6A7569ACC173}.Release|Any CPU.ActiveCfg = Release|Any CPU
		{F497D7FA-AC9F-4BB2-935F-6A7569ACC173}.Release|Any CPU.Build.0 = Release|Any CPU
		{F497D7FA-AC9F-4BB2-935F-6A7569ACC173}.Release|x64.ActiveCfg = Release|Any CPU
		{F497D7FA-AC9F-4BB2-935F-6A7569ACC173}.Release|x64.Build.0 = Release|Any CPU
		{F497D7FA-AC9F-4BB2-935F-6A7569ACC173}.Release|x86.ActiveCfg = Release|Any CPU
		{F497D7FA-AC9F-4BB2-935F-6A7569ACC173}.Release|x86.Build.0 = Release|Any CPU
		{8C2C6B52-E386-4DAE-B596-7EE4E64EB0F4}.Debug|Any CPU.ActiveCfg = Debug|Any CPU
		{8C2C6B52-E386-4DAE-B596-7EE4E64EB0F4}.Debug|Any CPU.Build.0 = Debug|Any CPU
		{8C2C6B52-E386-4DAE-B596-7EE4E64EB0F4}.Debug|x64.ActiveCfg = Debug|Any CPU
		{8C2C6B52-E386-4DAE-B596-7EE4E64EB0F4}.Debug|x64.Build.0 = Debug|Any CPU
		{8C2C6B52-E386-4DAE-B596-7EE4E64EB0F4}.Debug|x86.ActiveCfg = Debug|Any CPU
		{8C2C6B52-E386-4DAE-B596-7EE4E64EB0F4}.Debug|x86.Build.0 = Debug|Any CPU
		{8C2C6B52-E386-4DAE-B596-7EE4E64EB0F4}.Release|Any CPU.ActiveCfg = Release|Any CPU
		{8C2C6B52-E386-4DAE-B596-7EE4E64EB0F4}.Release|Any CPU.Build.0 = Release|Any CPU
		{8C2C6B52-E386-4DAE-B596-7EE4E64EB0F4}.Release|x64.ActiveCfg = Release|Any CPU
		{8C2C6B52-E386-4DAE-B596-7EE4E64EB0F4}.Release|x64.Build.0 = Release|Any CPU
		{8C2C6B52-E386-4DAE-B596-7EE4E64EB0F4}.Release|x86.ActiveCfg = Release|Any CPU
		{8C2C6B52-E386-4DAE-B596-7EE4E64EB0F4}.Release|x86.Build.0 = Release|Any CPU
		{7976404A-58D7-4709-99A9-DBBA31431C69}.Debug|Any CPU.ActiveCfg = Debug|Any CPU
		{7976404A-58D7-4709-99A9-DBBA31431C69}.Debug|Any CPU.Build.0 = Debug|Any CPU
		{7976404A-58D7-4709-99A9-DBBA31431C69}.Debug|x64.ActiveCfg = Debug|Any CPU
		{7976404A-58D7-4709-99A9-DBBA31431C69}.Debug|x64.Build.0 = Debug|Any CPU
		{7976404A-58D7-4709-99A9-DBBA31431C69}.Debug|x86.ActiveCfg = Debug|Any CPU
		{7976404A-58D7-4709-99A9-DBBA31431C69}.Debug|x86.Build.0 = Debug|Any CPU
		{7976404A-58D7-4709-99A9-DBBA31431C69}.Release|Any CPU.ActiveCfg = Release|Any CPU
		{7976404A-58D7-4709-99A9-DBBA31431C69}.Release|Any CPU.Build.0 = Release|Any CPU
		{7976404A-58D7-4709-99A9-DBBA31431C69}.Release|x64.ActiveCfg = Release|Any CPU
		{7976404A-58D7-4709-99A9-DBBA31431C69}.Release|x64.Build.0 = Release|Any CPU
		{7976404A-58D7-4709-99A9-DBBA31431C69}.Release|x86.ActiveCfg = Release|Any CPU
		{7976404A-58D7-4709-99A9-DBBA31431C69}.Release|x86.Build.0 = Release|Any CPU
	EndGlobalSection
	GlobalSection(SolutionProperties) = preSolution
		HideSolutionNode = FALSE
	EndGlobalSection
	GlobalSection(NestedProjects) = preSolution
		{7976404A-58D7-4709-99A9-DBBA31431C69} = {4D988838-9BAF-C253-004D-7C7673F12805}
	EndGlobalSection
	GlobalSection(ExtensibilityGlobals) = postSolution
		SolutionGuid = {2B11E9FA-B238-44FC-875F-EEEA0F5AD7EC}
	EndGlobalSection
EndGlobal
